
Microsoft Visual Studio Solution File, Format Version 12.00
# Visual Studio Version 16
VisualStudioVersion = 16.0.30320.27
MinimumVisualStudioVersion = 10.0.40219.1
Project("{2150E333-8FDC-42A3-9474-1A3956D46DE8}") = "DataFiles", "DataFiles", "{D3B13EDD-C40B-403F-967C-651CB2233405}"
	ProjectSection(SolutionItems) = preProject
		DataFiles\Bing-COVID19-Data_20200808.csv = DataFiles\Bing-COVID19-Data_20200808.csv
		DataFiles\Bing-COVID19-Data_20200808.xlsx = DataFiles\Bing-COVID19-Data_20200808.xlsx
		DataFiles\COVID_Tracking_Project_State_Data_20200808.csv = DataFiles\COVID_Tracking_Project_State_Data_20200808.csv
		DataFiles\COVID_Tracking_Project_State_Data_20200808.xlsx = DataFiles\COVID_Tracking_Project_State_Data_20200808.xlsx
		DataFiles\USA_States_20200808.csv = DataFiles\USA_States_20200808.csv
		DataFiles\USA_States_20200808.xlsx = DataFiles\USA_States_20200808.xlsx
	EndProjectSection
EndProject
Project("{2150E333-8FDC-42A3-9474-1A3956D46DE8}") = "Documents", "Documents", "{F017AB64-67DC-4917-B09E-E2B43F153C03}"
	ProjectSection(SolutionItems) = preProject
		Documents\BIDD230_Final_Assignment.docx = Documents\BIDD230_Final_Assignment.docx
		Documents\BIDD230_Final_DataSources.docx = Documents\BIDD230_Final_DataSources.docx
		Documents\BIDD230_Final_DataSurvey.xlsx = Documents\BIDD230_Final_DataSurvey.xlsx
		Documents\BIDD230_Final_Groups.xlsx = Documents\BIDD230_Final_Groups.xlsx
		Documents\BIDD230_Final_Presentation.pptx = Documents\BIDD230_Final_Presentation.pptx
		Documents\BIDD230_Final_RedTeam_Deliverable_01.xlsx = Documents\BIDD230_Final_RedTeam_Deliverable_01.xlsx
		Documents\BIDD230_Final_RedTeam_Deliverable_02.docx = Documents\BIDD230_Final_RedTeam_Deliverable_02.docx
		Documents\BIDD230_Final_RedTeam_Deliverable_02.pdf = Documents\BIDD230_Final_RedTeam_Deliverable_02.pdf
		Documents\BIDD230_Final_RedTeam_Deliverable_02.vsdx = Documents\BIDD230_Final_RedTeam_Deliverable_02.vsdx
	EndProjectSection
EndProject
Project("{2150E333-8FDC-42A3-9474-1A3956D46DE8}") = "PowerBI", "PowerBI", "{B92E0543-C586-41FC-B54C-5F671FB4E244}"
	ProjectSection(SolutionItems) = preProject
		PowerBI\BIDD230_Final_RedTeam_Reports.pbix = PowerBI\BIDD230_Final_RedTeam_Reports.pbix
	EndProjectSection
EndProject
Project("{2150E333-8FDC-42A3-9474-1A3956D46DE8}") = "SQLBackups", "SQLBackups", "{1F8566D6-87D7-4B58-A7D2-B35CFB07F0F4}"
	ProjectSection(SolutionItems) = preProject
		SQLBackups\BIDD230Final_RedTeam_DWCovid19.bak = SQLBackups\BIDD230Final_RedTeam_DWCovid19.bak
		SQLBackups\BIDD230Final_RedTeam_StagingCovid19.bak = SQLBackups\BIDD230Final_RedTeam_StagingCovid19.bak
	EndProjectSection
EndProject
Project("{2150E333-8FDC-42A3-9474-1A3956D46DE8}") = "SQLBackups_DataTierApplication", "SQLBackups_DataTierApplication", "{262A7401-5789-4561-A70C-308B4C685B60}"
	ProjectSection(SolutionItems) = preProject
		SQLBackups_DataTierApplication\BIDD230Final_RedTeam_DWCovid19.bacpac = SQLBackups_DataTierApplication\BIDD230Final_RedTeam_DWCovid19.bacpac
	EndProjectSection
EndProject
Project("{2150E333-8FDC-42A3-9474-1A3956D46DE8}") = "SQLScripts", "SQLScripts", "{D9FA8CEF-55F7-4E21-AFF7-E557363A040A}"
	ProjectSection(SolutionItems) = preProject
		SQLScripts\BIDD230_Final_CreateDataStaging.sql = SQLScripts\BIDD230_Final_CreateDataStaging.sql
		SQLScripts\BIDD230_Final_CreateDataWarehouse.sql = SQLScripts\BIDD230_Final_CreateDataWarehouse.sql
		SQLScripts\BIDD230_Final_LoadDataWarehouse.sql = SQLScripts\BIDD230_Final_LoadDataWarehouse.sql
	EndProjectSection
EndProject
Project("{2150E333-8FDC-42A3-9474-1A3956D46DE8}") = "Images", "Images", "{0D951DCA-8A83-4E48-8D4E-EC3672FE98A6}"
	ProjectSection(SolutionItems) = preProject
		Images\AzureSQLDatabase.png = Images\AzureSQLDatabase.png
		Images\CSVFile.png = Images\CSVFile.png
		Images\PowerBI-Logo.png = Images\PowerBI-Logo.png
		Images\SQLDatabase.png = Images\SQLDatabase.png
		Images\SQLScript.png = Images\SQLScript.png
	EndProjectSection
EndProject
Global
	GlobalSection(SolutionProperties) = preSolution
		HideSolutionNode = FALSE
	EndGlobalSection
	GlobalSection(ExtensibilityGlobals) = postSolution
		SolutionGuid = {A5A032E0-5CF6-4A80-8749-32ECC946C462}
	EndGlobalSection
EndGlobal
